Microsoft Visual Studio Solution File, Format Version 12.00
# Visual Studio Version 17
VisualStudioVersion = 17.13.35913.81
MinimumVisualStudioVersion = 10.0.40219.1
Project("{FAE04EC0-301F-11D3-BF4B-00C04F79EFBC}") = "RPCMAS.AppHost", "RPCMAS.AppHost\RPCMAS.AppHost.csproj", "{5DB0CBAA-3EDD-4633-A0EA-AE2A6F156C54}"
EndProject
Project("{FAE04EC0-301F-11D3-BF4B-00C04F79EFBC}") = "RPCMAS.ServiceDefaults", "RPCMAS.ServiceDefaults\RPCMAS.ServiceDefaults.csproj", "{5A09C36B-9939-4C62-C9D3-302CEFEF9C1F}"
EndProject
Project("{FAE04EC0-301F-11D3-BF4B-00C04F79EFBC}") = "RPCMAS.API", "RPCMAS.ApiService\RPCMAS.API.csproj", "{C9514063-8539-4E3D-674F-505879C224DF}"
EndProject
Project("{FAE04EC0-301F-11D3-BF4B-00C04F79EFBC}") = "RPCMAS.Tests", "RPCMAS.Tests\RPCMAS.Tests.csproj", "{04239DF7-6178-A8CF-632A-9CD3B9E16A9C}"
EndProject
Project("{FAE04EC0-301F-11D3-BF4B-00C04F79EFBC}") = "RPCMAS.Blazor", "RPCMAS.Blazor\RPCMAS.Blazor.csproj", "{68565FD4-2E16-A2D9-3D7D-FFB1B5F768DB}"
EndProject
Project("{FAE04EC0-301F-11D3-BF4B-00C04F79EFBC}") = "RPCMAS.Infrastructure", "RPCMAS.Infrastructure\RPCMAS.Infrastructure.csproj", "{28484829-33CD-4CBD-A643-7F0F0D2F9892}"
EndProject
Project("{FAE04EC0-301F-11D3-BF4B-00C04F79EFBC}") = "RPCMAS.Core", "RPCMAS.Core\RPCMAS.Core.csproj", "{36502A55-425B-45A0-BEF6-90017D4ADD21}"
EndProject
Global
	GlobalSection(SolutionConfigurationPlatforms) = preSolution
		Debug|Any CPU = Debug|Any CPU
		Release|Any CPU = Release|Any CPU
	EndGlobalSection
	GlobalSection(ProjectConfigurationPlatforms) = postSolution
		{5DB0CBAA-3EDD-4633-A0EA-AE2A6F156C54}.Debug|Any CPU.ActiveCfg = Debug|Any CPU
		{5DB0CBAA-3EDD-4633-A0EA-AE2A6F156C54}.Debug|Any CPU.Build.0 = Debug|Any CPU
		{5DB0CBAA-3EDD-4633-A0EA-AE2A6F156C54}.Release|Any CPU.ActiveCfg = Release|Any CPU
		{5DB0CBAA-3EDD-4633-A0EA-AE2A6F156C54}.Release|Any CPU.Build.0 = Release|Any CPU
		{5A09C36B-9939-4C62-C9D3-302CEFEF9C1F}.Debug|Any CPU.ActiveCfg = Debug|Any CPU
		{5A09C36B-9939-4C62-C9D3-302CEFEF9C1F}.Debug|Any CPU.Build.0 = Debug|Any CPU
		{5A09C36B-9939-4C62-C9D3-302CEFEF9C1F}.Release|Any CPU.ActiveCfg = Release|Any CPU
		{5A09C36B-9939-4C62-C9D3-302CEFEF9C1F}.Release|Any CPU.Build.0 = Release|Any CPU
		{C9514063-8539-4E3D-674F-505879C224DF}.Debug|Any CPU.ActiveCfg = Debug|Any CPU
		{C9514063-8539-4E3D-674F-505879C224DF}.Debug|Any CPU.Build.0 = Debug|Any CPU
		{C9514063-8539-4E3D-674F-505879C224DF}.Release|Any CPU.ActiveCfg = Release|Any CPU
		{C9514063-8539-4E3D-674F-505879C224DF}.Release|Any CPU.Build.0 = Release|Any CPU
		{04239DF7-6178-A8CF-632A-9CD3B9E16A9C}.Debug|Any CPU.ActiveCfg = Debug|Any CPU
		{04239DF7-6178-A8CF-632A-9CD3B9E16A9C}.Debug|Any CPU.Build.0 = Debug|Any CPU
		{04239DF7-6178-A8CF-632A-9CD3B9E16A9C}.Release|Any CPU.ActiveCfg = Release|Any CPU
		{04239DF7-6178-A8CF-632A-9CD3B9E16A9C}.Release|Any CPU.Build.0 = Release|Any CPU
		{68565FD4-2E16-A2D9-3D7D-FFB1B5F768DB}.Debug|Any CPU.ActiveCfg = Debug|Any CPU
		{68565FD4-2E16-A2D9-3D7D-FFB1B5F768DB}.Debug|Any CPU.Build.0 = Debug|Any CPU
		{68565FD4-2E16-A2D9-3D7D-FFB1B5F768DB}.Release|Any CPU.ActiveCfg = Release|Any CPU
		{68565FD4-2E16-A2D9-3D7D-FFB1B5F768DB}.Release|Any CPU.Build.0 = Release|Any CPU
		{28484829-33CD-4CBD-A643-7F0F0D2F9892}.Debug|Any CPU.ActiveCfg = Debug|Any CPU
		{28484829-33CD-4CBD-A643-7F0F0D2F9892}.Debug|Any CPU.Build.0 = Debug|Any CPU
		{28484829-33CD-4CBD-A643-7F0F0D2F9892}.Release|Any CPU.ActiveCfg = Release|Any CPU
		{28484829-33CD-4CBD-A643-7F0F0D2F9892}.Release|Any CPU.Build.0 = Release|Any CPU
		{36502A55-425B-45A0-BEF6-90017D4ADD21}.Debug|Any CPU.ActiveCfg = Debug|Any CPU
		{36502A55-425B-45A0-BEF6-90017D4ADD21}.Debug|Any CPU.Build.0 = Debug|Any CPU
		{36502A55-425B-45A0-BEF6-90017D4ADD21}.Release|Any CPU.ActiveCfg = Release|Any CPU
		{36502A55-425B-45A0-BEF6-90017D4ADD21}.Release|Any CPU.Build.0 = Release|Any CPU
	EndGlobalSection
	GlobalSection(SolutionProperties) = preSolution
		HideSolutionNode = FALSE
	EndGlobalSection
	GlobalSection(ExtensibilityGlobals) = postSolution
		SolutionGuid = {517DD066-5467-4D5A-AA52-D527D3647A60}
	EndGlobalSection
EndGlobal
